
Microsoft Visual Studio Solution File, Format Version 12.00
# Visual Studio Version 17
VisualStudioVersion = 17.1.32421.90
MinimumVisualStudioVersion = 10.0.40219.1
Project("{9A19103F-16F7-4668-BE54-9A1E7A4F7556}") = "BookStore.Server", "BookStore\Server\BookStore.Server.csproj", "{96CDC428-BC95-4D6D-9DF1-C290A59CD9C6}"
EndProject
Project("{9A19103F-16F7-4668-BE54-9A1E7A4F7556}") = "BookStore.Client", "BookStore\Client\BookStore.Client.csproj", "{22BBE1CF-4B82-4B91-9CB8-33855F07985C}"
EndProject
Project("{9A19103F-16F7-4668-BE54-9A1E7A4F7556}") = "BookStore.Shared", "BookStore\Shared\BookStore.Shared.csproj", "{65DD3E5F-EECA-44B6-9DF2-3D5A4A67A4AE}"
EndProject
Global
	GlobalSection(SolutionConfigurationPlatforms) = preSolution
		Debug|Any CPU = Debug|Any CPU
		Release|Any CPU = Release|Any CPU
	EndGlobalSection
	GlobalSection(ProjectConfigurationPlatforms) = postSolution
		{96CDC428-BC95-4D6D-9DF1-C290A59CD9C6}.Debug|Any CPU.ActiveCfg = Debug|Any CPU
		{96CDC428-BC95-4D6D-9DF1-C290A59CD9C6}.Debug|Any CPU.Build.0 = Debug|Any CPU
		{96CDC428-BC95-4D6D-9DF1-C290A59CD9C6}.Release|Any CPU.ActiveCfg = Release|Any CPU
		{96CDC428-BC95-4D6D-9DF1-C290A59CD9C6}.Release|Any CPU.Build.0 = Release|Any CPU
		{22BBE1CF-4B82-4B91-9CB8-33855F07985C}.Debug|Any CPU.ActiveCfg = Debug|Any CPU
		{22BBE1CF-4B82-4B91-9CB8-33855F07985C}.Debug|Any CPU.Build.0 = Debug|Any CPU
		{22BBE1CF-4B82-4B91-9CB8-33855F07985C}.Release|Any CPU.ActiveCfg = Release|Any CPU
		{22BBE1CF-4B82-4B91-9CB8-33855F07985C}.Release|Any CPU.Build.0 = Release|Any CPU
		{65DD3E5F-EECA-44B6-9DF2-3D5A4A67A4AE}.Debug|Any CPU.ActiveCfg = Debug|Any CPU
		{65DD3E5F-EECA-44B6-9DF2-3D5A4A67A4AE}.Debug|Any CPU.Build.0 = Debug|Any CPU
		{65DD3E5F-EECA-44B6-9DF2-3D5A4A67A4AE}.Release|Any CPU.ActiveCfg = Release|Any CPU
		{65DD3E5F-EECA-44B6-9DF2-3D5A4A67A4AE}.Release|Any CPU.Build.0 = Release|Any CPU
	EndGlobalSection
	GlobalSection(SolutionProperties) = preSolution
		HideSolutionNode = FALSE
	EndGlobalSection
	GlobalSection(ExtensibilityGlobals) = postSolution
		SolutionGuid = {1170BB36-6059-466F-BDE3-1EF383AACD0C}
	EndGlobalSection
EndGlobal
